
Microsoft Visual Studio Solution File, Format Version 12.00
# Visual Studio 2012
Project("{FAE04EC0-301F-11D3-BF4B-00C04F79EFBC}") = "Xml Loader", "Config Downloader\Xml Loader.csproj", "{87D3DC8C-813E-499D-9CDC-F943F715009D}"
EndProject
Global
	GlobalSection(SolutionConfigurationPlatforms) = preSolution
		Debug|Any CPU = Debug|Any CPU
		Release|Any CPU = Release|Any CPU
	EndGlobalSection
	GlobalSection(ProjectConfigurationPlatforms) = postSolution
		{87D3DC8C-813E-499D-9CDC-F943F715009D}.Debug|Any CPU.ActiveCfg = Debug|Any CPU
		{87D3DC8C-813E-499D-9CDC-F943F715009D}.Debug|Any CPU.Build.0 = Debug|Any CPU
		{87D3DC8C-813E-499D-9CDC-F943F715009D}.Release|Any CPU.ActiveCfg = Release|Any CPU
		{87D3DC8C-813E-499D-9CDC-F943F715009D}.Release|Any CPU.Build.0 = Release|Any CPU
	EndGlobalSection
	GlobalSection(SolutionProperties) = preSolution
		HideSolutionNode = FALSE
	EndGlobalSection
EndGlobal
